# This file is automatically @generated by Cargo.
# It is not intended for manual editing.
version = 4

[[package]]
name = "countme"
version = "3.0.1"
source = "registry+https://github.com/rust-lang/crates.io-index"
checksum = "7704b5fdd17b18ae31c4c1da5a2e0305a2bf17b5249300a9ee9ed7b72114c636"

[[package]]
name = "hashbrown"
version = "0.14.5"
source = "registry+https://github.com/rust-lang/crates.io-index"
checksum = "e5274423e17b7c9fc20b6e7e208532f9b19825d82dfd615708b70edd83df41f1"

[[package]]
name = "onyx"
version = "0.1.0"
dependencies = [
 "rnix",
 "rowan",
]

[[package]]
name = "rnix"
version = "0.14.0"
source = "registry+https://github.com/rust-lang/crates.io-index"
checksum = "c163bd17372eecdf10d351c34584b7de7c1a33be4e92a32f3fb3f5a7fe3f579b"
dependencies = [
 "rowan",
]

[[package]]
name = "rowan"
version = "0.16.1"
source = "registry+https://github.com/rust-lang/crates.io-index"
checksum = "417a3a9f582e349834051b8a10c8d71ca88da4211e4093528e36b9845f6b5f21"
dependencies = [
 "countme",
 "hashbrown",
 "rustc-hash",
 "text-size",
]

[[package]]
name = "rustc-hash"
version = "1.1.0"
source = "registry+https://github.com/rust-lang/crates.io-index"
checksum = "08d43f7aa6b08d49f382cde6a7982047c3426db949b1424bc4b7ec9ae12c6ce2"

[[package]]
name = "text-size"
version = "1.1.0"
source = "registry+https://github.com/rust-lang/crates.io-index"
checksum = "288cb548dbe72b652243ea797201f3d481a0609a967980fcc5b2315ea811560a"
